// !$*UTF8*$!
{
	archiveVersion = 1;
	classes = {
	};
	objectVersion = 46;
	objects = {

/* Begin PBXBuildFile section */
		4D30BA4719539AB0003C0FBD /* AppDelegate.swift in Sources */ = {isa = PBXBuildFile; fileRef = 4D30BA4619539AB0003C0FBD /* AppDelegate.swift */; };
		4D30BA4919539AB0003C0FBD /* ViewController.swift in Sources */ = {isa = PBXBuildFile; fileRef = 4D30BA4819539AB0003C0FBD /* ViewController.swift */; };
		4D30BA4C19539AB0003C0FBD /* Main.storyboard in Resources */ = {isa = PBXBuildFile; fileRef = 4D30BA4A19539AB0003C0FBD /* Main.storyboard */; };
		4D30BA4E19539AB0003C0FBD /* Images.xcassets in Resources */ = {isa = PBXBuildFile; fileRef = 4D30BA4D19539AB0003C0FBD /* Images.xcassets */; };
		4D30BA5A19539AB0003C0FBD /* TheNothingAppTests.swift in Sources */ = {isa = PBXBuildFile; fileRef = 4D30BA5919539AB0003C0FBD /* TheNothingAppTests.swift */; };
/* End PBXBuildFile section */

/* Begin PBXContainerItemProxy section */
		4D30BA5419539AB0003C0FBD /* PBXContainerItemProxy */ = {
			isa = PBXContainerItemProxy;
			containerPortal = 4D30BA3919539AB0003C0FBD /* Project object */;
			proxyType = 1;
			remoteGlobalIDString = 4D30BA4019539AB0003C0FBD;
			remoteInfo = TheNothingApp;
		};
/* End PBXContainerItemProxy section */

/* Begin PBXFileReference section */
		4D30BA4119539AB0003C0FBD /* TheNothingApp.app */ = {isa = PBXFileReference; explicitFileType = wrapper.application; includeInIndex = 0; path = TheNothingApp.app; sourceTree = BUILT_PRODUCTS_DIR; };
		4D30BA4519539AB0003C0FBD /* Info.plist */ = {isa = PBXFileReference; lastKnownFileType = text.plist.xml; path = Info.plist; sourceTree = "<group>"; };
		4D30BA4619539AB0003C0FBD /* AppDelegate.swift */ = {isa = PBXFileReference; lastKnownFileType = sourcecode.swift; path = AppDelegate.swift; sourceTree = "<group>"; };
		4D30BA4819539AB0003C0FBD /* ViewController.swift */ = {isa = PBXFileReference; lastKnownFileType = sourcecode.swift; path = ViewController.swift; sourceTree = "<group>"; };
		4D30BA4B19539AB0003C0FBD /* Base */ = {isa = PBXFileReference; lastKnownFileType = file.storyboard; name = Base; path = Base.lproj/Main.storyboard; sourceTree = "<group>"; };
		4D30BA4D19539AB0003C0FBD /* Images.xcassets */ = {isa = PBXFileReference; lastKnownFileType = folder.assetcatalog; path = Images.xcassets; sourceTree = "<group>"; };
		4D30BA5319539AB0003C0FBD /* TheNothingAppTests.xctest */ = {isa = PBXFileReference; explicitFileType = wrapper.cfbundle; includeInIndex = 0; path = TheNothingAppTests.xctest; sourceTree = BUILT_PRODUCTS_DIR; };
		4D30BA5819539AB0003C0FBD /* Info.plist */ = {isa = PBXFileReference; lastKnownFileType = text.plist.xml; path = Info.plist; sourceTree = "<group>"; };
		4D30BA5919539AB0003C0FBD /* TheNothingAppTests.swift */ = {isa = PBXFileReference; lastKnownFileType = sourcecode.swift; path = TheNothingAppTests.swift; sourceTree = "<group>"; };
/* End PBXFileReference section */

/* Begin PBXFrameworksBuildPhase section */
		4D30BA3E19539AB0003C0FBD /* Frameworks */ = {
			isa = PBXFrameworksBuildPhase;
			buildActionMask = 2147483647;
			files = (
			);
			runOnlyForDeploymentPostprocessing = 0;
		};
		4D30BA5019539AB0003C0FBD /* Frameworks */ = {
			isa = PBXFrameworksBuildPhase;
			buildActionMask = 2147483647;
			files = (
			);
			runOnlyForDeploymentPostprocessing = 0;
		};
/* End PBXFrameworksBuildPhase section */

/* Begin PBXGroup section */
		4D30BA3819539AB0003C0FBD = {
			isa = PBXGroup;
			children = (
				4D30BA4319539AB0003C0FBD /* TheNothingApp */,
				4D30BA5619539AB0003C0FBD /* TheNothingAppTests */,
				4D30BA4219539AB0003C0FBD /* Products */,
			);
			sourceTree = "<group>";
		};
		4D30BA4219539AB0003C0FBD /* Products */ = {
			isa = PBXGroup;
			children = (
				4D30BA4119539AB0003C0FBD /* TheNothingApp.app */,
				4D30BA5319539AB0003C0FBD /* TheNothingAppTests.xctest */,
			);
			name = Products;
			sourceTree = "<group>";
		};
		4D30BA4319539AB0003C0FBD /* TheNothingApp */ = {
			isa = PBXGroup;
			children = (
				4D30BA4619539AB0003C0FBD /* AppDelegate.swift */,
				4D30BA4819539AB0003C0FBD /* ViewController.swift */,
				4D30BA4A19539AB0003C0FBD /* Main.storyboard */,
				4D30BA4D19539AB0003C0FBD /* Images.xcassets */,
				4D30BA4419539AB0003C0FBD /* Supporting Files */,
			);
			path = TheNothingApp;
			sourceTree = "<group>";
		};
		4D30BA4419539AB0003C0FBD /* Supporting Files */ = {
			isa = PBXGroup;
			children = (
				4D30BA4519539AB0003C0FBD /* Info.plist */,
			);
			name = "Supporting Files";
			sourceTree = "<group>";
		};
		4D30BA5619539AB0003C0FBD /* TheNothingAppTests */ = {
			isa = PBXGroup;
			children = (
				4D30BA5919539AB0003C0FBD /* TheNothingAppTests.swift */,
				4D30BA5719539AB0003C0FBD /* Supporting Files */,
			);
			path = TheNothingAppTests;
			sourceTree = "<group>";
		};
		4D30BA5719539AB0003C0FBD /* Supporting Files */ = {
			isa = PBXGroup;
			children = (
				4D30BA5819539AB0003C0FBD /* Info.plist */,
			);
			name = "Supporting Files";
			sourceTree = "<group>";
		};
/* End PBXGroup section */

/* Begin PBXNativeTarget section */
		4D30BA4019539AB0003C0FBD /* TheNothingApp */ = {
			isa = PBXNativeTarget;
			buildConfigurationList = 4D30BA5D19539AB0003C0FBD /* Build configuration list for PBXNativeTarget "TheNothingApp" */;
			buildPhases = (
				4D30BA3D19539AB0003C0FBD /* Sources */,
				4D30BA3E19539AB0003C0FBD /* Frameworks */,
				4D30BA3F19539AB0003C0FBD /* Resources */,
			);
			buildRules = (
			);
			dependencies = (
			);
			name = TheNothingApp;
			productName = TheNothingApp;
			productReference = 4D30BA4119539AB0003C0FBD /* TheNothingApp.app */;
			productType = "com.apple.product-type.application";
		};
		4D30BA5219539AB0003C0FBD /* TheNothingAppTests */ = {
			isa = PBXNativeTarget;
			buildConfigurationList = 4D30BA6019539AB0003C0FBD /* Build configuration list for PBXNativeTarget "TheNothingAppTests" */;
			buildPhases = (
				4D30BA4F19539AB0003C0FBD /* Sources */,
				4D30BA5019539AB0003C0FBD /* Frameworks */,
				4D30BA5119539AB0003C0FBD /* Resources */,
			);
			buildRules = (
			);
			dependencies = (
				4D30BA5519539AB0003C0FBD /* PBXTargetDependency */,
			);
			name = TheNothingAppTests;
			productName = TheNothingAppTests;
			productReference = 4D30BA5319539AB0003C0FBD /* TheNothingAppTests.xctest */;
			productType = "com.apple.product-type.bundle.unit-test";
		};
/* End PBXNativeTarget section */

/* Begin PBXProject section */
		4D30BA3919539AB0003C0FBD /* Project object */ = {
			isa = PBXProject;
			attributes = {
				LastUpgradeCheck = 0600;
				ORGANIZATIONNAME = "Jake Chapman";
				TargetAttributes = {
					4D30BA4019539AB0003C0FBD = {
						CreatedOnToolsVersion = 6.0;
					};
					4D30BA5219539AB0003C0FBD = {
						CreatedOnToolsVersion = 6.0;
						TestTargetID = 4D30BA4019539AB0003C0FBD;
					};
				};
			};
			buildConfigurationList = 4D30BA3C19539AB0003C0FBD /* Build configuration list for PBXProject "TheNothingApp" */;
			compatibilityVersion = "Xcode 3.2";
			developmentRegion = English;
			hasScannedForEncodings = 0;
			knownRegions = (
				en,
				Base,
			);
			mainGroup = 4D30BA3819539AB0003C0FBD;
			productRefGroup = 4D30BA4219539AB0003C0FBD /* Products */;
			projectDirPath = "";
			projectRoot = "";
			targets = (
				4D30BA4019539AB0003C0FBD /* TheNothingApp */,
				4D30BA5219539AB0003C0FBD /* TheNothingAppTests */,
			);
		};
/* End PBXProject section */

/* Begin PBXResourcesBuildPhase section */
		4D30BA3F19539AB0003C0FBD /* Resources */ = {
			isa = PBXResourcesBuildPhase;
			buildActionMask = 2147483647;
			files = (
				4D30BA4C19539AB0003C0FBD /* Main.storyboard in Resources */,
				4D30BA4E19539AB0003C0FBD /* Images.xcassets in Resources */,
			);
			runOnlyForDeploymentPostprocessing = 0;
		};
		4D30BA5119539AB0003C0FBD /* Resources */ = {
			isa = PBXResourcesBuildPhase;
			buildActionMask = 2147483647;
			files = (
			);
			runOnlyForDeploymentPostprocessing = 0;
		};
/* End PBXResourcesBuildPhase section */

/* Begin PBXSourcesBuildPhase section */
		4D30BA3D19539AB0003C0FBD /* Sources */ = {
			isa = PBXSourcesBuildPhase;
			buildActionMask = 2147483647;
			files = (
				4D30BA4919539AB0003C0FBD /* ViewController.swift in Sources */,
				4D30BA4719539AB0003C0FBD /* AppDelegate.swift in Sources */,
			);
			runOnlyForDeploymentPostprocessing = 0;
		};
		4D30BA4F19539AB0003C0FBD /* Sources */ = {
			isa = PBXSourcesBuildPhase;
			buildActionMask = 2147483647;
			files = (
				4D30BA5A19539AB0003C0FBD /* TheNothingAppTests.swift in Sources */,
			);
			runOnlyForDeploymentPostprocessing = 0;
		};
/* End PBXSourcesBuildPhase section */

/* Begin PBXTargetDependency section */
		4D30BA5519539AB0003C0FBD /* PBXTargetDependency */ = {
			isa = PBXTargetDependency;
			target = 4D30BA4019539AB0003C0FBD /* TheNothingApp */;
			targetProxy = 4D30BA5419539AB0003C0FBD /* PBXContainerItemProxy */;
		};
/* End PBXTargetDependency section */

/* Begin PBXVariantGroup section */
		4D30BA4A19539AB0003C0FBD /* Main.storyboard */ = {
			isa = PBXVariantGroup;
			children = (
				4D30BA4B19539AB0003C0FBD /* Base */,
			);
			name = Main.storyboard;
			sourceTree = "<group>";
		};
/* End PBXVariantGroup section */

/* Begin XCBuildConfiguration section */
		4D30BA5B19539AB0003C0FBD /* Debug */ = {
			isa = XCBuildConfiguration;
			buildSettings = {
				ALWAYS_SEARCH_USER_PATHS = NO;
				CLANG_CXX_LANGUAGE_STANDARD = "gnu++0x";
				CLANG_CXX_LIBRARY = "libc++";
				CLANG_ENABLE_MODULES = YES;
				CLANG_ENABLE_OBJC_ARC = YES;
				CLANG_WARN_BOOL_CONVERSION = YES;
				CLANG_WARN_CONSTANT_CONVERSION = YES;
				CLANG_WARN_DIRECT_OBJC_ISA_USAGE = YES_ERROR;
				CLANG_WARN_EMPTY_BODY = YES;
				CLANG_WARN_ENUM_CONVERSION = YES;
				CLANG_WARN_INT_CONVERSION = YES;
				CLANG_WARN_OBJC_ROOT_CLASS = YES_ERROR;
				CLANG_WARN_UNREACHABLE_CODE = YES;
				CLANG_WARN__DUPLICATE_METHOD_MATCH = YES;
				"CODE_SIGN_IDENTITY[sdk=iphoneos*]" = "iPhone Developer";
				COPY_PHASE_STRIP = NO;
				ENABLE_STRICT_OBJC_MSGSEND = YES;
				GCC_C_LANGUAGE_STANDARD = gnu99;
				GCC_DYNAMIC_NO_PIC = NO;
				GCC_OPTIMIZATION_LEVEL = 0;
				GCC_PREPROCESSOR_DEFINITIONS = (
					"DEBUG=1",
					"$(inherited)",
				);
				GCC_SYMBOLS_PRIVATE_EXTERN = NO;
				GCC_WARN_64_TO_32_BIT_CONVERSION = YES;
				GCC_WARN_ABOUT_RETURN_TYPE = YES_ERROR;
				GCC_WARN_UNDECLARED_SELECTOR = YES;
				GCC_WARN_UNINITIALIZED_AUTOS = YES_AGGRESSIVE;
				GCC_WARN_UNUSED_FUNCTION = YES;
				GCC_WARN_UNUSED_VARIABLE = YES;
				IPHONEOS_DEPLOYMENT_TARGET = 8.0;
				METAL_ENABLE_DEBUG_INFO = YES;
				ONLY_ACTIVE_ARCH = YES;
				SDKROOT = iphoneos;
				SWIFT_OPTIMIZATION_LEVEL = "-Onone";
			};
			name = Debug;
		};
		4D30BA5C19539AB0003C0FBD /* Release */ = {
			isa = XCBuildConfiguration;
			buildSettings = {
				ALWAYS_SEARCH_USER_PATHS = NO;
				CLANG_CXX_LANGUAGE_STANDARD = "gnu++0x";
				CLANG_CXX_LIBRARY = "libc++";
				CLANG_ENABLE_MODULES = YES;
				CLANG_ENABLE_OBJC_ARC = YES;
				CLANG_WARN_BOOL_CONVERSION = YES;
				CLANG_WARN_CONSTANT_CONVERSION = YES;
				CLANG_WARN_DIRECT_OBJC_ISA_USAGE = YES_ERROR;
				CLANG_WARN_EMPTY_BODY = YES;
				CLANG_WARN_ENUM_CONVERSION = YES;
				CLANG_WARN_INT_CONVERSION = YES;
				CLANG_WARN_OBJC_ROOT_CLASS = YES_ERROR;
				CLANG_WARN_UNREACHABLE_CODE = YES;
				CLANG_WARN__DUPLICATE_METHOD_MATCH = YES;
				"CODE_SIGN_IDENTITY[sdk=iphoneos*]" = "iPhone Developer";
				COPY_PHASE_STRIP = YES;
				ENABLE_NS_ASSERTIONS = NO;
				ENABLE_STRICT_OBJC_MSGSEND = YES;
				GCC_C_LANGUAGE_STANDARD = gnu99;
				GCC_WARN_64_TO_32_BIT_CONVERSION = YES;
				GCC_WARN_ABOUT_RETURN_TYPE = YES_ERROR;
				GCC_WARN_UNDECLARED_SELECTOR = YES;
				GCC_WARN_UNINITIALIZED_AUTOS = YES_AGGRESSIVE;
				GCC_WARN_UNUSED_FUNCTION = YES;
				GCC_WARN_UNUSED_VARIABLE = YES;
				IPHONEOS_DEPLOYMENT_TARGET = 8.0;
				METAL_ENABLE_DEBUG_INFO = NO;
				SDKROOT = iphoneos;
				VALIDATE_PRODUCT = YES;
			};
			name = Release;
		};
		4D30BA5E19539AB0003C0FBD /* Debug */ = {
			isa = XCBuildConfiguration;
			buildSettings = {
				ASSETCATALOG_COMPILER_APPICON_NAME = AppIcon;
				ASSETCATALOG_COMPILER_LAUNCHIMAGE_NAME = LaunchImage;
				INFOPLIST_FILE = TheNothingApp/Info.plist;
				LD_RUNPATH_SEARCH_PATHS = "$(inherited) @executable_path/Frameworks";
				PRODUCT_NAME = "$(TARGET_NAME)";
			};
			name = Debug;
		};
		4D30BA5F19539AB0003C0FBD /* Release */ = {
			isa = XCBuildConfiguration;
			buildSettings = {
				ASSETCATALOG_COMPILER_APPICON_NAME = AppIcon;
				ASSETCATALOG_COMPILER_LAUNCHIMAGE_NAME = LaunchImage;
				INFOPLIST_FILE = TheNothingApp/Info.plist;
				LD_RUNPATH_SEARCH_PATHS = "$(inherited) @executable_path/Frameworks";
				PRODUCT_NAME = "$(TARGET_NAME)";
			};
			name = Release;
		};
		4D30BA6119539AB0003C0FBD /* Debug */ = {
			isa = XCBuildConfiguration;
			buildSettings = {
				BUNDLE_LOADER = "$(BUILT_PRODUCTS_DIR)/TheNothingApp.app/TheNothingApp";
				FRAMEWORK_SEARCH_PATHS = (
					"$(SDKROOT)/Developer/Library/Frameworks",
					"$(inherited)",
				);
				GCC_PREPROCESSOR_DEFINITIONS = (
					"DEBUG=1",
					"$(inherited)",
				);
				INFOPLIST_FILE = TheNothingAppTests/Info.plist;
				LD_RUNPATH_SEARCH_PATHS = "$(inherited) @executable_path/Frameworks @loader_path/Frameworks";
				METAL_ENABLE_DEBUG_INFO = YES;
				PRODUCT_NAME = "$(TARGET_NAME)";
				TEST_HOST = "$(BUNDLE_LOADER)";
			};
			name = Debug;
		};
		4D30BA6219539AB0003C0FBD /* Release */ = {
			isa = XCBuildConfiguration;
			buildSettings = {
				BUNDLE_LOADER = "$(BUILT_PRODUCTS_DIR)/TheNothingApp.app/TheNothingApp";
				FRAMEWORK_SEARCH_PATHS = (
					"$(SDKROOT)/Developer/Library/Frameworks",
					"$(inherited)",
				);
				INFOPLIST_FILE = TheNothingAppTests/Info.plist;
				LD_RUNPATH_SEARCH_PATHS = "$(inherited) @executable_path/Frameworks @loader_path/Frameworks";
				METAL_ENABLE_DEBUG_INFO = NO;
				PRODUCT_NAME = "$(TARGET_NAME)";
				TEST_HOST = "$(BUNDLE_LOADER)";
			};
			name = Release;
		};
/* End XCBuildConfiguration section */

/* Begin XCConfigurationList section */
		4D30BA3C19539AB0003C0FBD /* Build configuration list for PBXProject "TheNothingApp" */ = {
			isa = XCConfigurationList;
			buildConfigurations = (
				4D30BA5B19539AB0003C0FBD /* Debug */,
				4D30BA5C19539AB0003C0FBD /* Release */,
			);
			defaultConfigurationIsVisible = 0;
			defaultConfigurationName = Release;
		};
		4D30BA5D19539AB0003C0FBD /* Build configuration list for PBXNativeTarget "TheNothingApp" */ = {
			isa = XCConfigurationList;
			buildConfigurations = (
				4D30BA5E19539AB0003C0FBD /* Debug */,
				4D30BA5F19539AB0003C0FBD /* Release */,
			);
			defaultConfigurationIsVisible = 0;
		};
		4D30BA6019539AB0003C0FBD /* Build configuration list for PBXNativeTarget "TheNothingAppTests" */ = {
			isa = XCConfigurationList;
			buildConfigurations = (
				4D30BA6119539AB0003C0FBD /* Debug */,
				4D30BA6219539AB0003C0FBD /* Release */,
			);
			defaultConfigurationIsVisible = 0;
		};
/* End XCConfigurationList section */
	};
	rootObject = 4D30BA3919539AB0003C0FBD /* Project object */;
}
